<?xml version="1.0" encoding="utf-8"?>
<Project ToolsVersion="4.0" xmlns="http://schemas.microsoft.com/developer/msbuild/2003">
  <ItemGroup>
    <Filter Include="Source Files">
      <UniqueIdentifier>{4FC737F1-C7A5-4376-A066-2A32D752A2FF}</UniqueIdentifier>
      <Extensions>cpp;c;cc;cxx;def;odl;idl;hpj;bat;asm;asmx</Extensions>
    </Filter>
    <Filter Include="Resource Files">
      <UniqueIdentifier>{67DA6AB6-F800-4c08-8B7A-83BB121AAD01}</UniqueIdentifier>
      <Extensions>rc;ico;cur;bmp;dlg;rc2;rct;bin;rgs;gif;jpg;jpeg;jpe;resx;tiff;tif;png;wav;mfcribbon-ms</Extensions>
    </Filter>
    <Filter Include="Private Header Files">
      <UniqueIdentifier>{93995380-89BD-4b04-88EB-625FBE52EBFB}</UniqueIdentifier>
      <Extensions>h;hh;hpp;hxx;hm;inl;inc;xsd</Extensions>
    </Filter>
    <Filter Include="Public Header Files">
      <UniqueIdentifier>{16efefb7-8808-4066-b90e-19cbf0b5080d}</UniqueIdentifier>
    </Filter>
  </ItemGroup>
  <ItemGroup>
    <Text Include="ReadMe.txt" />
  </ItemGroup>
  <ItemGroup>
    <ClCompile Include="TwEventWin.c">
      <Filter>Private Header Files</Filter>
    </ClCompile>
    <ClCompile Include="TwMgr.cpp">
      <Filter>Source Files</Filter>
    </ClCompile>
    <ClCompile Include="TwPrecomp.cpp">
      <Filter>Source Files</Filter>
    </ClCompile>
    <ClCompile Include="TwFonts.cpp">
      <Filter>Source Files</Filter>
    </ClCompile>
    <ClCompile Include="TwDirect3D11.cpp">
      <Filter>Source Files</Filter>
    </ClCompile>
    <ClCompile Include="TwColors.cpp">
      <Filter>Source Files</Filter>
    </ClCompile>
    <ClCompile Include="TwBar.cpp">
      <Filter>Source Files</Filter>
    </ClCompile>
  </ItemGroup>
  <ItemGroup>
    <ClInclude Include="TwBar.h">
      <Filter>Private Header Files</Filter>
    </ClInclude>
    <ClInclude Include="TwColors.h">
      <Filter>Private Header Files</Filter>
    </ClInclude>
    <ClInclude Include="TwDirect3D11.h">
      <Filter>Private Header Files</Filter>
    </ClInclude>
    <ClInclude Include="TwFonts.h">
      <Filter>Private Header Files</Filter>
    </ClInclude>
    <ClInclude Include="TwGraph.h">
      <Filter>Private Header Files</Filter>
    </ClInclude>
    <ClInclude Include="TwMgr.h">
      <Filter>Private Header Files</Filter>
    </ClInclude>
    <ClInclude Include="TwPrecomp.h">
      <Filter>Private Header Files</Filter>
    </ClInclude>
    <ClInclude Include="d3d10vs2003.h">
      <Filter>Private Header Files</Filter>
    </ClInclude>
    <ClInclude Include="AntTweakBar.h">
      <Filter>Public Header Files</Filter>
    </ClInclude>
  </ItemGroup>
  <ItemGroup>
    <FxCompile Include="TwDirect3D11.hlsl">
      <Filter>Resource Files</Filter>
    </FxCompile>
  </ItemGroup>
</Project>