<?xml version="1.0" encoding="utf-8"?>
<Project ToolsVersion="4.0" xmlns="http://schemas.microsoft.com/developer/msbuild/2003">
  <ItemGroup>
    <Filter Include="Source Files">
      <UniqueIdentifier>{4FC737F1-C7A5-4376-A066-2A32D752A2FF}</UniqueIdentifier>
      <Extensions>cpp;c;cc;cxx;def;odl;idl;hpj;bat;asm;asmx</Extensions>
    </Filter>
    <Filter Include="Header Files">
      <UniqueIdentifier>{93995380-89BD-4b04-88EB-625FBE52EBFB}</UniqueIdentifier>
      <Extensions>h;hh;hpp;hxx;hm;inl;inc;xsd</Extensions>
    </Filter>
    <Filter Include="Resource Files">
      <UniqueIdentifier>{67DA6AB6-F800-4c08-8B7A-83BB121AAD01}</UniqueIdentifier>
      <Extensions>rc;ico;cur;bmp;dlg;rc2;rct;bin;rgs;gif;jpg;jpeg;jpe;resx;tiff;tif;png;wav;mfcribbon-ms</Extensions>
    </Filter>
    <Filter Include="Header Files\App">
      <UniqueIdentifier>{2d04bf6e-ca4d-431b-aeda-7ea0501bbee9}</UniqueIdentifier>
    </Filter>
    <Filter Include="Header Files\Dynamics">
      <UniqueIdentifier>{f54e11ed-c9a3-459c-bb76-37c7c1c592d3}</UniqueIdentifier>
    </Filter>
    <Filter Include="Header Files\Rendering">
      <UniqueIdentifier>{b9d80dd2-89cb-43a3-b93b-d97d8d9358c9}</UniqueIdentifier>
    </Filter>
    <Filter Include="Header Files\Utils">
      <UniqueIdentifier>{65dcd765-00f7-4c91-a6b5-1db826144d12}</UniqueIdentifier>
    </Filter>
    <Filter Include="Header Files\Scene">
      <UniqueIdentifier>{5bec7fb3-b5f2-4af4-8bac-c7c291ba9c7d}</UniqueIdentifier>
    </Filter>
    <Filter Include="Source Files\App">
      <UniqueIdentifier>{168f9ddd-5ceb-49ff-bf9b-3244b68999fc}</UniqueIdentifier>
    </Filter>
    <Filter Include="Resource Files\shader">
      <UniqueIdentifier>{3f41ee8a-7e62-480c-bfbc-989757028839}</UniqueIdentifier>
    </Filter>
    <Filter Include="Resource Files\shader\Deformation">
      <UniqueIdentifier>{259359cd-dc1f-431b-ba43-000313180794}</UniqueIdentifier>
    </Filter>
    <Filter Include="Resource Files\shader\OpenSubdiv">
      <UniqueIdentifier>{cf535fb0-f27d-4111-87df-0b5441e7f43a}</UniqueIdentifier>
    </Filter>
    <Filter Include="Resource Files\shader\Rendering">
      <UniqueIdentifier>{8c850485-b8c1-4dfb-879f-af0e5e4165b3}</UniqueIdentifier>
    </Filter>
    <Filter Include="Resource Files\shader\Skinning">
      <UniqueIdentifier>{4eca8742-7635-4a01-bbe3-8e66f5078999}</UniqueIdentifier>
    </Filter>
    <Filter Include="Source Files\Utils">
      <UniqueIdentifier>{397800c5-7bc4-40cb-8ed0-636e84db8d01}</UniqueIdentifier>
    </Filter>
    <Filter Include="Source Files\Scene">
      <UniqueIdentifier>{93a44c7e-b49c-44ff-858f-da200cca6764}</UniqueIdentifier>
    </Filter>
    <Filter Include="Source Files\Rendering">
      <UniqueIdentifier>{d94ec5f3-d986-4d22-891c-1271d58cf6c0}</UniqueIdentifier>
    </Filter>
    <Filter Include="Source Files\Dynamics">
      <UniqueIdentifier>{93094fa7-01f6-4faa-99e5-2e70195514dc}</UniqueIdentifier>
    </Filter>
  </ItemGroup>
  <ItemGroup>
    <ResourceCompile Include="DeformationGPU.rc">
      <Filter>Resource Files</Filter>
    </ResourceCompile>
  </ItemGroup>
  <ItemGroup>
    <Image Include="small.ico">
      <Filter>Resource Files</Filter>
    </Image>
    <Image Include="DeformationGPU.ico">
      <Filter>Resource Files</Filter>
    </Image>
  </ItemGroup>
  <ItemGroup>
    <ClCompile Include="src\dynamics\AnimationGroup.cpp">
      <Filter>Source Files\Dynamics</Filter>
    </ClCompile>
    <ClCompile Include="src\dynamics\Car.cpp">
      <Filter>Source Files\Dynamics</Filter>
    </ClCompile>
    <ClCompile Include="src\dynamics\Physics.cpp">
      <Filter>Source Files\Dynamics</Filter>
    </ClCompile>
    <ClCompile Include="src\dynamics\SkinningAnimation.cpp">
      <Filter>Source Files\Dynamics</Filter>
    </ClCompile>
    <ClCompile Include="src\TileOverlapUpdater.cpp">
      <Filter>Source Files</Filter>
    </ClCompile>
    <ClCompile Include="src\Voxelization.cpp">
      <Filter>Source Files</Filter>
    </ClCompile>
    <ClCompile Include="src\App.cpp">
      <Filter>Source Files</Filter>
    </ClCompile>
    <ClCompile Include="src\Deformation.cpp">
      <Filter>Source Files</Filter>
    </ClCompile>
    <ClCompile Include="src\IntersectPatches.cpp">
      <Filter>Source Files</Filter>
    </ClCompile>
    <ClCompile Include="src\main.cpp">
      <Filter>Source Files</Filter>
    </ClCompile>
    <ClCompile Include="src\MemoryManager.cpp">
      <Filter>Source Files</Filter>
    </ClCompile>
    <ClCompile Include="src\Pipeline.cpp">
      <Filter>Source Files</Filter>
    </ClCompile>
    <ClCompile Include="src\stdafx.cpp">
      <Filter>Source Files</Filter>
    </ClCompile>
    <ClCompile Include="src\rendering\PostPro.cpp">
      <Filter>Source Files\Rendering</Filter>
    </ClCompile>
    <ClCompile Include="src\rendering\RendererDebug.cpp">
      <Filter>Source Files\Rendering</Filter>
    </ClCompile>
    <ClCompile Include="src\rendering\RendererSubD.cpp">
      <Filter>Source Files\Rendering</Filter>
    </ClCompile>
    <ClCompile Include="src\rendering\RendererTri.cpp">
      <Filter>Source Files\Rendering</Filter>
    </ClCompile>
    <ClCompile Include="src\rendering\ShadowMapping.cpp">
      <Filter>Source Files\Rendering</Filter>
    </ClCompile>
    <ClCompile Include="src\scene\DXMaterial.cpp">
      <Filter>Source Files\Scene</Filter>
    </ClCompile>
    <ClCompile Include="src\scene\DXMaterialCache.cpp">
      <Filter>Source Files\Scene</Filter>
    </ClCompile>
    <ClCompile Include="src\scene\DXModel.cpp">
      <Filter>Source Files\Scene</Filter>
    </ClCompile>
    <ClCompile Include="src\scene\DXSubDModel.cpp">
      <Filter>Source Files\Scene</Filter>
    </ClCompile>
    <ClCompile Include="src\scene\ModelInstance.cpp">
      <Filter>Source Files\Scene</Filter>
    </ClCompile>
    <ClCompile Include="src\scene\ModelLoader.cpp">
      <Filter>Source Files\Scene</Filter>
    </ClCompile>
    <ClCompile Include="src\scene\Scene.cpp">
      <Filter>Source Files\Scene</Filter>
    </ClCompile>
    <ClCompile Include="src\utils\FrameProfiler.cpp">
      <Filter>Source Files\Utils</Filter>
    </ClCompile>
    <ClCompile Include="src\utils\Frustum.cpp">
      <Filter>Source Files\Utils</Filter>
    </ClCompile>
    <ClCompile Include="src\utils\MathHelpers.cpp">
      <Filter>Source Files\Utils</Filter>
    </ClCompile>
    <ClCompile Include="src\utils\SpatialSort.cpp">
      <Filter>Source Files\Utils</Filter>
    </ClCompile>
    <ClCompile Include="src\utils\Timer.cpp">
      <Filter>Source Files\Utils</Filter>
    </ClCompile>
  </ItemGroup>
  <ItemGroup>
    <ClInclude Include="src\dynamics\AnimationGroup.h">
      <Filter>Header Files\Dynamics</Filter>
    </ClInclude>
    <ClInclude Include="src\dynamics\Car.h">
      <Filter>Header Files\Dynamics</Filter>
    </ClInclude>
    <ClInclude Include="src\dynamics\Character.h">
      <Filter>Header Files\Dynamics</Filter>
    </ClInclude>
    <ClInclude Include="src\dynamics\Physics.h">
      <Filter>Header Files\Dynamics</Filter>
    </ClInclude>
    <ClInclude Include="src\dynamics\SkinningAnimation.h">
      <Filter>Header Files\Dynamics</Filter>
    </ClInclude>
    <ClInclude Include="src\Deformation.h">
      <Filter>Header Files</Filter>
    </ClInclude>
    <ClInclude Include="src\IntersectPatches.h">
      <Filter>Header Files</Filter>
    </ClInclude>
    <ClInclude Include="src\MemoryManager.h">
      <Filter>Header Files</Filter>
    </ClInclude>
    <ClInclude Include="src\Pipeline.h">
      <Filter>Header Files</Filter>
    </ClInclude>
    <ClInclude Include="src\Resource.h">
      <Filter>Header Files</Filter>
    </ClInclude>
    <ClInclude Include="src\stdafx.h">
      <Filter>Header Files</Filter>
    </ClInclude>
    <ClInclude Include="src\targetver.h">
      <Filter>Header Files</Filter>
    </ClInclude>
    <ClInclude Include="src\TileOverlapUpdater.h">
      <Filter>Header Files</Filter>
    </ClInclude>
    <ClInclude Include="src\Voxelization.h">
      <Filter>Header Files</Filter>
    </ClInclude>
    <ClInclude Include="src\App.h">
      <Filter>Header Files</Filter>
    </ClInclude>
    <ClInclude Include="src\rendering\RendererSubD.h">
      <Filter>Header Files\Rendering</Filter>
    </ClInclude>
    <ClInclude Include="src\rendering\RendererTri.h">
      <Filter>Header Files\Rendering</Filter>
    </ClInclude>
    <ClInclude Include="src\rendering\ShadowMapping.h">
      <Filter>Header Files\Rendering</Filter>
    </ClInclude>
    <ClInclude Include="src\rendering\PostPro.h">
      <Filter>Header Files\Rendering</Filter>
    </ClInclude>
    <ClInclude Include="src\rendering\RendererDebug.h">
      <Filter>Header Files\Rendering</Filter>
    </ClInclude>
    <ClInclude Include="src\scene\ModelInstance.h">
      <Filter>Header Files\Scene</Filter>
    </ClInclude>
    <ClInclude Include="src\scene\ModelLoader.h">
      <Filter>Header Files\Scene</Filter>
    </ClInclude>
    <ClInclude Include="src\scene\Scene.h">
      <Filter>Header Files\Scene</Filter>
    </ClInclude>
    <ClInclude Include="src\scene\DXMaterial.h">
      <Filter>Header Files\Scene</Filter>
    </ClInclude>
    <ClInclude Include="src\scene\DXMaterialCache.h">
      <Filter>Header Files\Scene</Filter>
    </ClInclude>
    <ClInclude Include="src\scene\DXModel.h">
      <Filter>Header Files\Scene</Filter>
    </ClInclude>
    <ClInclude Include="src\scene\DXSubDModel.h">
      <Filter>Header Files\Scene</Filter>
    </ClInclude>
    <ClInclude Include="src\utils\CoNTables.h">
      <Filter>Header Files\Utils</Filter>
    </ClInclude>
    <ClInclude Include="src\utils\DbgNew.h">
      <Filter>Header Files\Utils</Filter>
    </ClInclude>
    <ClInclude Include="src\utils\FrameProfiler.h">
      <Filter>Header Files\Utils</Filter>
    </ClInclude>
    <ClInclude Include="src\utils\Frustum.h">
      <Filter>Header Files\Utils</Filter>
    </ClInclude>
    <ClInclude Include="src\utils\MathHelpers.h">
      <Filter>Header Files\Utils</Filter>
    </ClInclude>
    <ClInclude Include="src\utils\SpatialSort.h">
      <Filter>Header Files\Utils</Filter>
    </ClInclude>
    <ClInclude Include="src\utils\Timer.h">
      <Filter>Header Files\Utils</Filter>
    </ClInclude>
    <ClInclude Include="src\utils\TimingLog.h">
      <Filter>Header Files\Utils</Filter>
    </ClInclude>
  </ItemGroup>
</Project>